
Microsoft Visual Studio Solution File, Format Version 12.00
# Visual Studio 14
VisualStudioVersion = 14.0.25420.1
MinimumVisualStudioVersion = 10.0.40219.1
Project("{FAE04EC0-301F-11D3-BF4B-00C04F79EFBC}") = "简单工厂模式", "简单工厂模式\简单工厂模式.csproj", "{81B31EF5-6280-48B8-BF78-C1DE0934436B}"
EndProject
Project("{FAE04EC0-301F-11D3-BF4B-00C04F79EFBC}") = "策略模式", "策略模式\策略模式.csproj", "{29E95511-71D3-4D7B-8F5B-1D3C37639A8D}"
EndProject
Project("{FAE04EC0-301F-11D3-BF4B-00C04F79EFBC}") = "单一职责", "单一职责\单一职责.csproj", "{BAFF69B5-545E-4A6D-A06F-EDA84D1B2F5C}"
EndProject
Global
	GlobalSection(SolutionConfigurationPlatforms) = preSolution
		Debug|Any CPU = Debug|Any CPU
		Release|Any CPU = Release|Any CPU
	EndGlobalSection
	GlobalSection(ProjectConfigurationPlatforms) = postSolution
		{81B31EF5-6280-48B8-BF78-C1DE0934436B}.Debug|Any CPU.ActiveCfg = Debug|Any CPU
		{81B31EF5-6280-48B8-BF78-C1DE0934436B}.Debug|Any CPU.Build.0 = Debug|Any CPU
		{81B31EF5-6280-48B8-BF78-C1DE0934436B}.Release|Any CPU.ActiveCfg = Release|Any CPU
		{81B31EF5-6280-48B8-BF78-C1DE0934436B}.Release|Any CPU.Build.0 = Release|Any CPU
		{29E95511-71D3-4D7B-8F5B-1D3C37639A8D}.Debug|Any CPU.ActiveCfg = Debug|Any CPU
		{29E95511-71D3-4D7B-8F5B-1D3C37639A8D}.Debug|Any CPU.Build.0 = Debug|Any CPU
		{29E95511-71D3-4D7B-8F5B-1D3C37639A8D}.Release|Any CPU.ActiveCfg = Release|Any CPU
		{29E95511-71D3-4D7B-8F5B-1D3C37639A8D}.Release|Any CPU.Build.0 = Release|Any CPU
		{BAFF69B5-545E-4A6D-A06F-EDA84D1B2F5C}.Debug|Any CPU.ActiveCfg = Debug|Any CPU
		{BAFF69B5-545E-4A6D-A06F-EDA84D1B2F5C}.Debug|Any CPU.Build.0 = Debug|Any CPU
		{BAFF69B5-545E-4A6D-A06F-EDA84D1B2F5C}.Release|Any CPU.ActiveCfg = Release|Any CPU
		{BAFF69B5-545E-4A6D-A06F-EDA84D1B2F5C}.Release|Any CPU.Build.0 = Release|Any CPU
	EndGlobalSection
	GlobalSection(SolutionProperties) = preSolution
		HideSolutionNode = FALSE
	EndGlobalSection
EndGlobal
